
Microsoft Visual Studio Solution File, Format Version 12.00
# Visual Studio Version 17
VisualStudioVersion = 17.0.32014.148
MinimumVisualStudioVersion = 10.0.40219.1
Project("{FAE04EC0-301F-11D3-BF4B-00C04F79EFBC}") = "NumberToEnglishWords", "NumberToEnglishWords\NumberToEnglishWords.csproj", "{7DF3133A-26C8-4B1C-BB05-E063FB2EEBD2}"
EndProject
Project("{FAE04EC0-301F-11D3-BF4B-00C04F79EFBC}") = "Tests", "Tests\Tests.csproj", "{7909675F-EA57-45DE-8F96-C224AF272616}"
EndProject
Global
	GlobalSection(SolutionConfigurationPlatforms) = preSolution
		Debug|Any CPU = Debug|Any CPU
		Release|Any CPU = Release|Any CPU
	EndGlobalSection
	GlobalSection(ProjectConfigurationPlatforms) = postSolution
		{7DF3133A-26C8-4B1C-BB05-E063FB2EEBD2}.Debug|Any CPU.ActiveCfg = Debug|Any CPU
		{7DF3133A-26C8-4B1C-BB05-E063FB2EEBD2}.Debug|Any CPU.Build.0 = Debug|Any CPU
		{7DF3133A-26C8-4B1C-BB05-E063FB2EEBD2}.Release|Any CPU.ActiveCfg = Release|Any CPU
		{7DF3133A-26C8-4B1C-BB05-E063FB2EEBD2}.Release|Any CPU.Build.0 = Release|Any CPU
		{7909675F-EA57-45DE-8F96-C224AF272616}.Debug|Any CPU.ActiveCfg = Debug|Any CPU
		{7909675F-EA57-45DE-8F96-C224AF272616}.Debug|Any CPU.Build.0 = Debug|Any CPU
		{7909675F-EA57-45DE-8F96-C224AF272616}.Release|Any CPU.ActiveCfg = Release|Any CPU
		{7909675F-EA57-45DE-8F96-C224AF272616}.Release|Any CPU.Build.0 = Release|Any CPU
	EndGlobalSection
	GlobalSection(SolutionProperties) = preSolution
		HideSolutionNode = FALSE
	EndGlobalSection
	GlobalSection(ExtensibilityGlobals) = postSolution
		SolutionGuid = {C390D55D-8B4F-40E7-AC2F-83F6519965C3}
	EndGlobalSection
EndGlobal
